// !$*UTF8*$!
{
	archiveVersion = 1;
	classes = {
	};
	objectVersion = 50;
	objects = {

/* Begin PBXBuildFile section */
		D885219F24BDA5EB00A960AB /* AppDelegate.swift in Sources */ = {isa = PBXBuildFile; fileRef = D885219E24BDA5EB00A960AB /* AppDelegate.swift */; };
		D88521A124BDA5EE00A960AB /* Assets.xcassets in Resources */ = {isa = PBXBuildFile; fileRef = D88521A024BDA5EE00A960AB /* Assets.xcassets */; };
		D88521A424BDA5EE00A960AB /* MainMenu.xib in Resources */ = {isa = PBXBuildFile; fileRef = D88521A224BDA5EE00A960AB /* MainMenu.xib */; };
		D88521AD24BDA65700A960AB /* Stack.swift in Sources */ = {isa = PBXBuildFile; fileRef = D88521AC24BDA65700A960AB /* Stack.swift */; };
		D88521AF24BDA66300A960AB /* StackItem.swift in Sources */ = {isa = PBXBuildFile; fileRef = D88521AE24BDA66300A960AB /* StackItem.swift */; };
		D88521B224BDA6BF00A960AB /* NavigationController.swift in Sources */ = {isa = PBXBuildFile; fileRef = D88521B024BDA6BF00A960AB /* NavigationController.swift */; };
		D88521B324BDA6BF00A960AB /* NavigationController.xib in Resources */ = {isa = PBXBuildFile; fileRef = D88521B124BDA6BF00A960AB /* NavigationController.xib */; };
		D88521B724BDA70300A960AB /* WindowController.swift in Sources */ = {isa = PBXBuildFile; fileRef = D88521B524BDA70300A960AB /* WindowController.swift */; };
		D88521B824BDA70300A960AB /* WindowController.xib in Resources */ = {isa = PBXBuildFile; fileRef = D88521B624BDA70300A960AB /* WindowController.xib */; };
		D88521BF24BDB52B00A960AB /* OtherContoller.swift in Sources */ = {isa = PBXBuildFile; fileRef = D88521BD24BDB52B00A960AB /* OtherContoller.swift */; };
		D88521C024BDB52B00A960AB /* OtherContoller.xib in Resources */ = {isa = PBXBuildFile; fileRef = D88521BE24BDB52B00A960AB /* OtherContoller.xib */; };
/* End PBXBuildFile section */

/* Begin PBXFileReference section */
		D885219B24BDA5EB00A960AB /* NavigationController.app */ = {isa = PBXFileReference; explicitFileType = wrapper.application; includeInIndex = 0; path = NavigationController.app; sourceTree = BUILT_PRODUCTS_DIR; };
		D885219E24BDA5EB00A960AB /* AppDelegate.swift */ = {isa = PBXFileReference; lastKnownFileType = sourcecode.swift; path = AppDelegate.swift; sourceTree = "<group>"; };
		D88521A024BDA5EE00A960AB /* Assets.xcassets */ = {isa = PBXFileReference; lastKnownFileType = folder.assetcatalog; path = Assets.xcassets; sourceTree = "<group>"; };
		D88521A324BDA5EE00A960AB /* Base */ = {isa = PBXFileReference; lastKnownFileType = file.xib; name = Base; path = Base.lproj/MainMenu.xib; sourceTree = "<group>"; };
		D88521A524BDA5EE00A960AB /* Info.plist */ = {isa = PBXFileReference; lastKnownFileType = text.plist.xml; path = Info.plist; sourceTree = "<group>"; };
		D88521A624BDA5EE00A960AB /* NavigationController.entitlements */ = {isa = PBXFileReference; lastKnownFileType = text.plist.entitlements; path = NavigationController.entitlements; sourceTree = "<group>"; };
		D88521AC24BDA65700A960AB /* Stack.swift */ = {isa = PBXFileReference; lastKnownFileType = sourcecode.swift; path = Stack.swift; sourceTree = "<group>"; };
		D88521AE24BDA66300A960AB /* StackItem.swift */ = {isa = PBXFileReference; lastKnownFileType = sourcecode.swift; path = StackItem.swift; sourceTree = "<group>"; };
		D88521B024BDA6BF00A960AB /* NavigationController.swift */ = {isa = PBXFileReference; lastKnownFileType = sourcecode.swift; path = NavigationController.swift; sourceTree = "<group>"; };
		D88521B124BDA6BF00A960AB /* NavigationController.xib */ = {isa = PBXFileReference; lastKnownFileType = file.xib; path = NavigationController.xib; sourceTree = "<group>"; };
		D88521B524BDA70300A960AB /* WindowController.swift */ = {isa = PBXFileReference; lastKnownFileType = sourcecode.swift; path = WindowController.swift; sourceTree = "<group>"; };
		D88521B624BDA70300A960AB /* WindowController.xib */ = {isa = PBXFileReference; lastKnownFileType = file.xib; path = WindowController.xib; sourceTree = "<group>"; };
		D88521BD24BDB52B00A960AB /* OtherContoller.swift */ = {isa = PBXFileReference; lastKnownFileType = sourcecode.swift; path = OtherContoller.swift; sourceTree = "<group>"; };
		D88521BE24BDB52B00A960AB /* OtherContoller.xib */ = {isa = PBXFileReference; lastKnownFileType = file.xib; path = OtherContoller.xib; sourceTree = "<group>"; };
/* End PBXFileReference section */

/* Begin PBXFrameworksBuildPhase section */
		D885219824BDA5EB00A960AB /* Frameworks */ = {
			isa = PBXFrameworksBuildPhase;
			buildActionMask = 2147483647;
			files = (
			);
			runOnlyForDeploymentPostprocessing = 0;
		};
/* End PBXFrameworksBuildPhase section */

/* Begin PBXGroup section */
		D885219224BDA5EB00A960AB = {
			isa = PBXGroup;
			children = (
				D885219D24BDA5EB00A960AB /* NavigationController */,
				D885219C24BDA5EB00A960AB /* Products */,
			);
			sourceTree = "<group>";
		};
		D885219C24BDA5EB00A960AB /* Products */ = {
			isa = PBXGroup;
			children = (
				D885219B24BDA5EB00A960AB /* NavigationController.app */,
			);
			name = Products;
			sourceTree = "<group>";
		};
		D885219D24BDA5EB00A960AB /* NavigationController */ = {
			isa = PBXGroup;
			children = (
				D88521B424BDA6C400A960AB /* xib */,
				D885219E24BDA5EB00A960AB /* AppDelegate.swift */,
				D88521AC24BDA65700A960AB /* Stack.swift */,
				D88521AE24BDA66300A960AB /* StackItem.swift */,
				D88521BD24BDB52B00A960AB /* OtherContoller.swift */,
				D88521B024BDA6BF00A960AB /* NavigationController.swift */,
				D88521B524BDA70300A960AB /* WindowController.swift */,
				D88521A024BDA5EE00A960AB /* Assets.xcassets */,
				D88521A524BDA5EE00A960AB /* Info.plist */,
				D88521A624BDA5EE00A960AB /* NavigationController.entitlements */,
			);
			path = NavigationController;
			sourceTree = "<group>";
		};
		D88521B424BDA6C400A960AB /* xib */ = {
			isa = PBXGroup;
			children = (
				D88521A224BDA5EE00A960AB /* MainMenu.xib */,
				D88521B124BDA6BF00A960AB /* NavigationController.xib */,
				D88521B624BDA70300A960AB /* WindowController.xib */,
				D88521BE24BDB52B00A960AB /* OtherContoller.xib */,
			);
			path = xib;
			sourceTree = "<group>";
		};
/* End PBXGroup section */

/* Begin PBXNativeTarget section */
		D885219A24BDA5EB00A960AB /* NavigationController */ = {
			isa = PBXNativeTarget;
			buildConfigurationList = D88521A924BDA5EE00A960AB /* Build configuration list for PBXNativeTarget "NavigationController" */;
			buildPhases = (
				D885219724BDA5EB00A960AB /* Sources */,
				D885219824BDA5EB00A960AB /* Frameworks */,
				D885219924BDA5EB00A960AB /* Resources */,
			);
			buildRules = (
			);
			dependencies = (
			);
			name = NavigationController;
			productName = NavigationController;
			productReference = D885219B24BDA5EB00A960AB /* NavigationController.app */;
			productType = "com.apple.product-type.application";
		};
/* End PBXNativeTarget section */

/* Begin PBXProject section */
		D885219324BDA5EB00A960AB /* Project object */ = {
			isa = PBXProject;
			attributes = {
				LastSwiftUpdateCheck = 1150;
				LastUpgradeCheck = 1150;
				ORGANIZATIONNAME = "отмеченные";
				TargetAttributes = {
					D885219A24BDA5EB00A960AB = {
						CreatedOnToolsVersion = 11.5;
					};
				};
			};
			buildConfigurationList = D885219624BDA5EB00A960AB /* Build configuration list for PBXProject "NavigationController" */;
			compatibilityVersion = "Xcode 9.3";
			developmentRegion = en;
			hasScannedForEncodings = 0;
			knownRegions = (
				en,
				Base,
			);
			mainGroup = D885219224BDA5EB00A960AB;
			productRefGroup = D885219C24BDA5EB00A960AB /* Products */;
			projectDirPath = "";
			projectRoot = "";
			targets = (
				D885219A24BDA5EB00A960AB /* NavigationController */,
			);
		};
/* End PBXProject section */

/* Begin PBXResourcesBuildPhase section */
		D885219924BDA5EB00A960AB /* Resources */ = {
			isa = PBXResourcesBuildPhase;
			buildActionMask = 2147483647;
			files = (
				D88521B324BDA6BF00A960AB /* NavigationController.xib in Resources */,
				D88521C024BDB52B00A960AB /* OtherContoller.xib in Resources */,
				D88521B824BDA70300A960AB /* WindowController.xib in Resources */,
				D88521A124BDA5EE00A960AB /* Assets.xcassets in Resources */,
				D88521A424BDA5EE00A960AB /* MainMenu.xib in Resources */,
			);
			runOnlyForDeploymentPostprocessing = 0;
		};
/* End PBXResourcesBuildPhase section */

/* Begin PBXSourcesBuildPhase section */
		D885219724BDA5EB00A960AB /* Sources */ = {
			isa = PBXSourcesBuildPhase;
			buildActionMask = 2147483647;
			files = (
				D88521AD24BDA65700A960AB /* Stack.swift in Sources */,
				D88521B724BDA70300A960AB /* WindowController.swift in Sources */,
				D88521B224BDA6BF00A960AB /* NavigationController.swift in Sources */,
				D88521BF24BDB52B00A960AB /* OtherContoller.swift in Sources */,
				D88521AF24BDA66300A960AB /* StackItem.swift in Sources */,
				D885219F24BDA5EB00A960AB /* AppDelegate.swift in Sources */,
			);
			runOnlyForDeploymentPostprocessing = 0;
		};
/* End PBXSourcesBuildPhase section */

/* Begin PBXVariantGroup section */
		D88521A224BDA5EE00A960AB /* MainMenu.xib */ = {
			isa = PBXVariantGroup;
			children = (
				D88521A324BDA5EE00A960AB /* Base */,
			);
			name = MainMenu.xib;
			sourceTree = "<group>";
		};
/* End PBXVariantGroup section */

/* Begin XCBuildConfiguration section */
		D88521A724BDA5EE00A960AB /* Debug */ = {
			isa = XCBuildConfiguration;
			buildSettings = {
				ALWAYS_SEARCH_USER_PATHS = NO;
				CLANG_ANALYZER_NONNULL = YES;
				CLANG_ANALYZER_NUMBER_OBJECT_CONVERSION = YES_AGGRESSIVE;
				CLANG_CXX_LANGUAGE_STANDARD = "gnu++14";
				CLANG_CXX_LIBRARY = "libc++";
				CLANG_ENABLE_MODULES = YES;
				CLANG_ENABLE_OBJC_ARC = YES;
				CLANG_ENABLE_OBJC_WEAK = YES;
				CLANG_WARN_BLOCK_CAPTURE_AUTORELEASING = YES;
				CLANG_WARN_BOOL_CONVERSION = YES;
				CLANG_WARN_COMMA = YES;
				CLANG_WARN_CONSTANT_CONVERSION = YES;
				CLANG_WARN_DEPRECATED_OBJC_IMPLEMENTATIONS = YES;
				CLANG_WARN_DIRECT_OBJC_ISA_USAGE = YES_ERROR;
				CLANG_WARN_DOCUMENTATION_COMMENTS = YES;
				CLANG_WARN_EMPTY_BODY = YES;
				CLANG_WARN_ENUM_CONVERSION = YES;
				CLANG_WARN_INFINITE_RECURSION = YES;
				CLANG_WARN_INT_CONVERSION = YES;
				CLANG_WARN_NON_LITERAL_NULL_CONVERSION = YES;
				CLANG_WARN_OBJC_IMPLICIT_RETAIN_SELF = YES;
				CLANG_WARN_OBJC_LITERAL_CONVERSION = YES;
				CLANG_WARN_OBJC_ROOT_CLASS = YES_ERROR;
				CLANG_WARN_RANGE_LOOP_ANALYSIS = YES;
				CLANG_WARN_STRICT_PROTOTYPES = YES;
				CLANG_WARN_SUSPICIOUS_MOVE = YES;
				CLANG_WARN_UNGUARDED_AVAILABILITY = YES_AGGRESSIVE;
				CLANG_WARN_UNREACHABLE_CODE = YES;
				CLANG_WARN__DUPLICATE_METHOD_MATCH = YES;
				COPY_PHASE_STRIP = NO;
				DEBUG_INFORMATION_FORMAT = dwarf;
				ENABLE_STRICT_OBJC_MSGSEND = YES;
				ENABLE_TESTABILITY = YES;
				GCC_C_LANGUAGE_STANDARD = gnu11;
				GCC_DYNAMIC_NO_PIC = NO;
				GCC_NO_COMMON_BLOCKS = YES;
				GCC_OPTIMIZATION_LEVEL = 0;
				GCC_PREPROCESSOR_DEFINITIONS = (
					"DEBUG=1",
					"$(inherited)",
				);
				GCC_WARN_64_TO_32_BIT_CONVERSION = YES;
				GCC_WARN_ABOUT_RETURN_TYPE = YES_ERROR;
				GCC_WARN_UNDECLARED_SELECTOR = YES;
				GCC_WARN_UNINITIALIZED_AUTOS = YES_AGGRESSIVE;
				GCC_WARN_UNUSED_FUNCTION = YES;
				GCC_WARN_UNUSED_VARIABLE = YES;
				MACOSX_DEPLOYMENT_TARGET = 10.15;
				MTL_ENABLE_DEBUG_INFO = INCLUDE_SOURCE;
				MTL_FAST_MATH = YES;
				ONLY_ACTIVE_ARCH = YES;
				SDKROOT = macosx;
				SWIFT_ACTIVE_COMPILATION_CONDITIONS = DEBUG;
				SWIFT_OPTIMIZATION_LEVEL = "-Onone";
			};
			name = Debug;
		};
		D88521A824BDA5EE00A960AB /* Release */ = {
			isa = XCBuildConfiguration;
			buildSettings = {
				ALWAYS_SEARCH_USER_PATHS = NO;
				CLANG_ANALYZER_NONNULL = YES;
				CLANG_ANALYZER_NUMBER_OBJECT_CONVERSION = YES_AGGRESSIVE;
				CLANG_CXX_LANGUAGE_STANDARD = "gnu++14";
				CLANG_CXX_LIBRARY = "libc++";
				CLANG_ENABLE_MODULES = YES;
				CLANG_ENABLE_OBJC_ARC = YES;
				CLANG_ENABLE_OBJC_WEAK = YES;
				CLANG_WARN_BLOCK_CAPTURE_AUTORELEASING = YES;
				CLANG_WARN_BOOL_CONVERSION = YES;
				CLANG_WARN_COMMA = YES;
				CLANG_WARN_CONSTANT_CONVERSION = YES;
				CLANG_WARN_DEPRECATED_OBJC_IMPLEMENTATIONS = YES;
				CLANG_WARN_DIRECT_OBJC_ISA_USAGE = YES_ERROR;
				CLANG_WARN_DOCUMENTATION_COMMENTS = YES;
				CLANG_WARN_EMPTY_BODY = YES;
				CLANG_WARN_ENUM_CONVERSION = YES;
				CLANG_WARN_INFINITE_RECURSION = YES;
				CLANG_WARN_INT_CONVERSION = YES;
				CLANG_WARN_NON_LITERAL_NULL_CONVERSION = YES;
				CLANG_WARN_OBJC_IMPLICIT_RETAIN_SELF = YES;
				CLANG_WARN_OBJC_LITERAL_CONVERSION = YES;
				CLANG_WARN_OBJC_ROOT_CLASS = YES_ERROR;
				CLANG_WARN_RANGE_LOOP_ANALYSIS = YES;
				CLANG_WARN_STRICT_PROTOTYPES = YES;
				CLANG_WARN_SUSPICIOUS_MOVE = YES;
				CLANG_WARN_UNGUARDED_AVAILABILITY = YES_AGGRESSIVE;
				CLANG_WARN_UNREACHABLE_CODE = YES;
				CLANG_WARN__DUPLICATE_METHOD_MATCH = YES;
				COPY_PHASE_STRIP = NO;
				DEBUG_INFORMATION_FORMAT = "dwarf-with-dsym";
				ENABLE_NS_ASSERTIONS = NO;
				ENABLE_STRICT_OBJC_MSGSEND = YES;
				GCC_C_LANGUAGE_STANDARD = gnu11;
				GCC_NO_COMMON_BLOCKS = YES;
				GCC_WARN_64_TO_32_BIT_CONVERSION = YES;
				GCC_WARN_ABOUT_RETURN_TYPE = YES_ERROR;
				GCC_WARN_UNDECLARED_SELECTOR = YES;
				GCC_WARN_UNINITIALIZED_AUTOS = YES_AGGRESSIVE;
				GCC_WARN_UNUSED_FUNCTION = YES;
				GCC_WARN_UNUSED_VARIABLE = YES;
				MACOSX_DEPLOYMENT_TARGET = 10.15;
				MTL_ENABLE_DEBUG_INFO = NO;
				MTL_FAST_MATH = YES;
				SDKROOT = macosx;
				SWIFT_COMPILATION_MODE = wholemodule;
				SWIFT_OPTIMIZATION_LEVEL = "-O";
			};
			name = Release;
		};
		D88521AA24BDA5EE00A960AB /* Debug */ = {
			isa = XCBuildConfiguration;
			buildSettings = {
				ASSETCATALOG_COMPILER_APPICON_NAME = AppIcon;
				CODE_SIGN_ENTITLEMENTS = NavigationController/NavigationController.entitlements;
				CODE_SIGN_STYLE = Automatic;
				COMBINE_HIDPI_IMAGES = YES;
				DEVELOPMENT_TEAM = KA9ZCQVJ6T;
				ENABLE_HARDENED_RUNTIME = YES;
				INFOPLIST_FILE = NavigationController/Info.plist;
				LD_RUNPATH_SEARCH_PATHS = (
					"$(inherited)",
					"@executable_path/../Frameworks",
				);
				PRODUCT_BUNDLE_IDENTIFIER = ab.NavigationController;
				PRODUCT_NAME = "$(TARGET_NAME)";
				SWIFT_VERSION = 5.0;
			};
			name = Debug;
		};
		D88521AB24BDA5EE00A960AB /* Release */ = {
			isa = XCBuildConfiguration;
			buildSettings = {
				ASSETCATALOG_COMPILER_APPICON_NAME = AppIcon;
				CODE_SIGN_ENTITLEMENTS = NavigationController/NavigationController.entitlements;
				CODE_SIGN_STYLE = Automatic;
				COMBINE_HIDPI_IMAGES = YES;
				DEVELOPMENT_TEAM = KA9ZCQVJ6T;
				ENABLE_HARDENED_RUNTIME = YES;
				INFOPLIST_FILE = NavigationController/Info.plist;
				LD_RUNPATH_SEARCH_PATHS = (
					"$(inherited)",
					"@executable_path/../Frameworks",
				);
				PRODUCT_BUNDLE_IDENTIFIER = ab.NavigationController;
				PRODUCT_NAME = "$(TARGET_NAME)";
				SWIFT_VERSION = 5.0;
			};
			name = Release;
		};
/* End XCBuildConfiguration section */

/* Begin XCConfigurationList section */
		D885219624BDA5EB00A960AB /* Build configuration list for PBXProject "NavigationController" */ = {
			isa = XCConfigurationList;
			buildConfigurations = (
				D88521A724BDA5EE00A960AB /* Debug */,
				D88521A824BDA5EE00A960AB /* Release */,
			);
			defaultConfigurationIsVisible = 0;
			defaultConfigurationName = Release;
		};
		D88521A924BDA5EE00A960AB /* Build configuration list for PBXNativeTarget "NavigationController" */ = {
			isa = XCConfigurationList;
			buildConfigurations = (
				D88521AA24BDA5EE00A960AB /* Debug */,
				D88521AB24BDA5EE00A960AB /* Release */,
			);
			defaultConfigurationIsVisible = 0;
			defaultConfigurationName = Release;
		};
/* End XCConfigurationList section */
	};
	rootObject = D885219324BDA5EB00A960AB /* Project object */;
}
